
Microsoft Visual Studio Solution File, Format Version 12.00
# Visual Studio Version 16
VisualStudioVersion = 16.0.29709.97
MinimumVisualStudioVersion = 10.0.40219.1
Project("{FAE04EC0-301F-11D3-BF4B-00C04F79EFBC}") = "RS-232", "RS-232\RS-232.csproj", "{10EC57F1-B610-418A-8985-6C941D031568}"
EndProject
Global
	GlobalSection(SolutionConfigurationPlatforms) = preSolution
		Debug|Any CPU = Debug|Any CPU
		Release|Any CPU = Release|Any CPU
	EndGlobalSection
	GlobalSection(ProjectConfigurationPlatforms) = postSolution
		{10EC57F1-B610-418A-8985-6C941D031568}.Debug|Any CPU.ActiveCfg = Debug|Any CPU
		{10EC57F1-B610-418A-8985-6C941D031568}.Debug|Any CPU.Build.0 = Debug|Any CPU
		{10EC57F1-B610-418A-8985-6C941D031568}.Release|Any CPU.ActiveCfg = Release|Any CPU
		{10EC57F1-B610-418A-8985-6C941D031568}.Release|Any CPU.Build.0 = Release|Any CPU
	EndGlobalSection
	GlobalSection(SolutionProperties) = preSolution
		HideSolutionNode = FALSE
	EndGlobalSection
	GlobalSection(ExtensibilityGlobals) = postSolution
		SolutionGuid = {7750F49D-D7FD-43EC-89DD-98B7A97393A6}
	EndGlobalSection
EndGlobal
